
Microsoft Visual Studio Solution File, Format Version 12.00
# Visual Studio Version 17
VisualStudioVersion = 17.3.32929.385
MinimumVisualStudioVersion = 10.0.40219.1
Project("{FAE04EC0-301F-11D3-BF4B-00C04F79EFBC}") = "Math_Class", "Math_Class\Math_Class.csproj", "{F00D16A0-5CAD-4286-A823-84FE69FD0E54}"
EndProject
Global
	GlobalSection(SolutionConfigurationPlatforms) = preSolution
		Debug|Any CPU = Debug|Any CPU
		Release|Any CPU = Release|Any CPU
	EndGlobalSection
	GlobalSection(ProjectConfigurationPlatforms) = postSolution
		{F00D16A0-5CAD-4286-A823-84FE69FD0E54}.Debug|Any CPU.ActiveCfg = Debug|Any CPU
		{F00D16A0-5CAD-4286-A823-84FE69FD0E54}.Debug|Any CPU.Build.0 = Debug|Any CPU
		{F00D16A0-5CAD-4286-A823-84FE69FD0E54}.Release|Any CPU.ActiveCfg = Release|Any CPU
		{F00D16A0-5CAD-4286-A823-84FE69FD0E54}.Release|Any CPU.Build.0 = Release|Any CPU
	EndGlobalSection
	GlobalSection(SolutionProperties) = preSolution
		HideSolutionNode = FALSE
	EndGlobalSection
	GlobalSection(ExtensibilityGlobals) = postSolution
		SolutionGuid = {30E7DC0C-EA1F-4737-B074-4AB00AADC4FC}
	EndGlobalSection
EndGlobal
